{
  "version": 4,
  "terraform_version": "1.6.6",
  "serial": 22,
  "lineage": "49a82bff-7180-dd5f-59c2-d01becea2f6f",
  "outputs": {},
  "resources": [
    {
      "module": "module.gke_primary",
      "mode": "data",
      "type": "google_project",
      "name": "project",
      "provider": "provider[\"registry.terraform.io/hashicorp/google\"]",
      "instances": [
        {
          "schema_version": 0,
          "attributes": {
            "auto_create_network": null,
            "billing_account": null,
            "effective_labels": {},
            "folder_id": null,
            "id": "projects/abstract-code-422922-m2",
            "labels": {},
            "name": "My First Project",
            "number": "216801303938",
            "org_id": null,
            "project_id": "abstract-code-422922-m2",
            "skip_delete": null,
            "terraform_labels": {}
          },
          "sensitive_attributes": []
        }
      ]
    },
    {
      "module": "module.gke_primary",
      "mode": "managed",
      "type": "google_container_cluster",
      "name": "primary",
      "provider": "provider[\"registry.terraform.io/hashicorp/google\"]",
      "instances": [
        {
          "schema_version": 2,
          "attributes": {
            "addons_config": [
              {
                "cloudrun_config": [],
                "config_connector_config": [],
                "dns_cache_config": [],
                "gce_persistent_disk_csi_driver_config": [
                  {
                    "enabled": true
                  }
                ],
                "gcp_filestore_csi_driver_config": [],
                "gcs_fuse_csi_driver_config": [],
                "gke_backup_agent_config": [],
                "horizontal_pod_autoscaling": [
                  {
                    "disabled": true
                  }
                ],
                "http_load_balancing": [
                  {
                    "disabled": true
                  }
                ],
                "network_policy_config": [
                  {
                    "disabled": true
                  }
                ]
              }
            ],
            "allow_net_admin": null,
            "authenticator_groups_config": [],
            "binary_authorization": [
              {
                "enabled": false,
                "evaluation_mode": "DISABLED"
              }
            ],
            "cluster_autoscaling": [
              {
                "auto_provisioning_defaults": [],
                "enabled": false,
                "resource_limits": []
              }
            ],
            "cluster_ipv4_cidr": "10.197.144.0/20",
            "confidential_nodes": [],
            "cost_management_config": [],
            "database_encryption": [
              {
                "key_name": "",
                "state": "DECRYPTED"
              }
            ],
            "datapath_provider": "",
            "default_max_pods_per_node": 256,
            "default_snat_status": [
              {
                "disabled": false
              }
            ],
            "deletion_protection": true,
            "description": "",
            "dns_config": [],
            "enable_autopilot": false,
            "enable_intranode_visibility": false,
            "enable_k8s_beta_apis": [],
            "enable_kubernetes_alpha": false,
            "enable_l4_ilb_subsetting": false,
            "enable_legacy_abac": false,
            "enable_shielded_nodes": false,
            "enable_tpu": false,
            "endpoint": "34.86.81.27",
            "gateway_api_config": [],
            "id": "projects/abstract-code-422922-m2/locations/us-east4/clusters/tf-standard-cluster",
            "initial_node_count": 1,
            "ip_allocation_policy": [
              {
                "additional_pod_ranges_config": [],
                "cluster_ipv4_cidr_block": "10.197.144.0/20",
                "cluster_secondary_range_name": "tw-vpc-usa-hub-sn-gke-pods",
                "pod_cidr_overprovision_config": [
                  {
                    "disabled": false
                  }
                ],
                "services_ipv4_cidr_block": "10.197.136.0/21",
                "services_secondary_range_name": "tw-vpc-usa-hub-sn-gke-services",
                "stack_type": "IPV4"
              }
            ],
            "label_fingerprint": "a9dc16a7",
            "location": "us-east4",
            "logging_config": [
              {
                "enable_components": [
                  "SYSTEM_COMPONENTS",
                  "WORKLOADS"
                ]
              }
            ],
            "logging_service": "logging.googleapis.com/kubernetes",
            "maintenance_policy": [],
            "master_auth": [
              {
                "client_certificate": "",
                "client_certificate_config": [
                  {
                    "issue_client_certificate": false
                  }
                ],
                "client_key": "",
                "cluster_ca_certificate": "LS0tLS1CRUdJTiBDRVJUSUZJQ0FURS0tLS0tCk1JSUVMRENDQXBTZ0F3SUJBZ0lRU2YxU3Y0MXhEN2lSallUdEZRZ29TVEFOQmdrcWhraUc5dzBCQVFzRkFEQXYKTVMwd0t3WURWUVFERXlRM1pqTTVaREppWmkwek5HUmpMVFJoTVdRdFlXSTVaQzFqTVdJNU5UWTRNVGcwWWpRdwpJQmNOTWpRd05URTNNVGd3T1RVNVdoZ1BNakExTkRBMU1UQXhPVEE1TlRsYU1DOHhMVEFyQmdOVkJBTVRKRGRtCk16bGtNbUptTFRNMFpHTXROR0V4WkMxaFlqbGtMV014WWprMU5qZ3hPRFJpTkRDQ0FhSXdEUVlKS29aSWh2Y04KQVFFQkJRQURnZ0dQQURDQ0FZb0NnZ0dCQUwza0JxTkl3Rmw0VTkya0Nic1dYWENvVEM2V3VzaG5YRHo4aFdiTQpJVE5qbFVCTXF1Z0RKazRSU2h5QThFMmFYeGJEQWt6VlJtOFo3TUdyVkFra1dIQWc2OCtDUFJlQWdRakcyN2M0CndjdEdGd01WVjROOHhCa0NOendUMnVoSmEvWXY0TVlqV3c5SVFEenYzRkd3MmIyMUNmVGZEMjBVOGx2RGlOaEkKRFhQc3kvaW90MDhISy8yOE1FcTZ5VmtBeUJjSmh0eHU2ZnVSN3VndWZsSmxWY2lGZE92N3lEZGdQRU5nVHFqUQp1UDh4T1l5OFpMNWR0QS8vR3piZTZ0d0tiSHZWcUpqM0ZyVlorUXZpQjkxdlJiOURyc0pIZXlYTzRDa29xZnBLCnJyQm5zaThXc29nZk9NY3h2c2MvRG9zcStkVHYwLzNoZjlxVWcxRHQ3eUpkUE85eU5ESHVxeUJXS3NMUTBTVUEKRXc3VU9CcnFpSmVaQ3hEcVRkSWFpVTVpcmZtUzV3dHdVc2hRaS9PQmNvK3M4RmlLbTVtNysrV29uZ0tiWmN4VQpMR3Z2ckRrZlR4ODdtMVNDUm0yUnd1R3R3TnlZY1dZMjJQYzF5UWd2cjczeW5jNXZOdG5XY1g0dmlNeitsdGx3CmtVQTFJT3lZT1V4enhQWng1VG5KMVpKOVJRSURBUUFCbzBJd1FEQU9CZ05WSFE4QkFmOEVCQU1DQWdRd0R3WUQKVlIwVEFRSC9CQVV3QXdFQi96QWRCZ05WSFE0RUZnUVVBQmc1Rk9iWVBZNGZSNmhhdmNQeVg3UVZxZ1V3RFFZSgpLb1pJaHZjTkFRRUxCUUFEZ2dHQkFKRkI1V0pSTkN4TUlhVjVqdjcxblI3LzVQZStrVHREZ0FMYzl6bW5rMVpmCkdQa2dQVDdPdXNnVjl5T1BuTWpEcDBFNlZ4ZlVDMFBkTlJsZjhzNDNia0NhM2JKcmNscWdVd0VLSTRLYjBwNXQKWW1qbndsVDNaZkpDRnFQWUFmeXN6OVI2OVVNZEFWSXRtUDR0OFdCeU9uV3QvYTZ2TnhCVWRTR01uQjVqc0kwTQpEK2VuU0Z6RE5YRjJxSkRRb0NHTUtjczF6UWhFUnhoeWI4REVhbktkdDc4NndFU090MGNkZDRvUCt5WXE3c2V3CldBdTNCWTJpWldTVnZXWDVIaDVOaDZ6THVPWVVTTUkrZGYyNFMvN0c2d1Awcnd0S1h0a0VqNXdjYi91KzdRZlMKMFRtaTZsaEMza25lQVQxQWY4TkVRZVJQVmdJemRxVGp2R2l1VGNIL1krZTBQRzBFMGhHcXllSEk5U3ZjVEM1RgpHcVdydnBkWUpLNXBMNHZtc2NoS3NuMTZKL2tJTkRUZnRHUlVGaDdwQUx4TFIyMFB4a3RoUnVveHJ0cUtFUjdtCmc3OVllWlNVMFZxQUlic2Zpa1VxbG95VC9IREpybFlMT3pvTGMxZTcxUXRJQXRCR0JVMHBRek4xNDdXR25URm4KTGJvQXpUV3QvbTZva0Nzdjdkd1FLUT09Ci0tLS0tRU5EIENFUlRJRklDQVRFLS0tLS0K"
              }
            ],
            "master_authorized_networks_config": [
              {
                "cidr_blocks": [
                  {
                    "cidr_block": "0.0.0.0/0",
                    "display_name": "Internet"
                  }
                ],
                "gcp_public_cidrs_access_enabled": false
              }
            ],
            "master_version": "1.28.8-gke.1095000",
            "mesh_certificates": [],
            "min_master_version": "1.28.8-gke.1095000",
            "monitoring_config": [
              {
                "advanced_datapath_observability_config": [
                  {
                    "enable_metrics": false,
                    "relay_mode": ""
                  }
                ],
                "enable_components": [
                  "SYSTEM_COMPONENTS"
                ],
                "managed_prometheus": [
                  {
                    "enabled": false
                  }
                ]
              }
            ],
            "monitoring_service": "monitoring.googleapis.com/kubernetes",
            "name": "tf-standard-cluster",
            "network": "projects/abstract-code-422922-m2/global/networks/tw-hub-vpc",
            "network_policy": [
              {
                "enabled": false,
                "provider": "PROVIDER_UNSPECIFIED"
              }
            ],
            "networking_mode": "VPC_NATIVE",
            "node_config": [],
            "node_locations": [
              "us-east4-a",
              "us-east4-b",
              "us-east4-c"
            ],
            "node_pool": [],
            "node_pool_auto_config": [],
            "node_pool_defaults": [
              {
                "node_config_defaults": [
                  {
                    "logging_variant": "DEFAULT"
                  }
                ]
              }
            ],
            "node_version": "1.28.7-gke.1026000",
            "notification_config": [
              {
                "pubsub": [
                  {
                    "enabled": false,
                    "filter": [],
                    "topic": ""
                  }
                ]
              }
            ],
            "operation": null,
            "private_cluster_config": [
              {
                "enable_private_endpoint": false,
                "enable_private_nodes": true,
                "master_global_access_config": [
                  {
                    "enabled": true
                  }
                ],
                "master_ipv4_cidr_block": "10.197.135.0/28",
                "peering_name": "gke-n20e127a8570af525b0d-002e-d184-peer",
                "private_endpoint": "10.197.135.2",
                "private_endpoint_subnetwork": "",
                "public_endpoint": "34.86.81.27"
              }
            ],
            "private_ipv6_google_access": "",
            "project": "abstract-code-422922-m2",
            "release_channel": [
              {
                "channel": "REGULAR"
              }
            ],
            "remove_default_node_pool": true,
            "resource_labels": {},
            "resource_usage_export_config": [],
            "security_posture_config": [
              {
                "mode": "BASIC",
                "vulnerability_mode": "VULNERABILITY_MODE_UNSPECIFIED"
              }
            ],
            "self_link": "https://container.googleapis.com/v1/projects/abstract-code-422922-m2/locations/us-east4/clusters/tf-standard-cluster",
            "service_external_ips_config": [
              {
                "enabled": false
              }
            ],
            "services_ipv4_cidr": "10.197.136.0/21",
            "subnetwork": "projects/abstract-code-422922-m2/regions/us-east4/subnetworks/tw-hub-k8s-subnet-nodes",
            "timeouts": null,
            "tpu_ipv4_cidr_block": "",
            "vertical_pod_autoscaling": [
              {
                "enabled": true
              }
            ],
            "workload_identity_config": [
              {
                "workload_pool": "abstract-code-422922-m2.svc.id.goog"
              }
            ]
          },
          "sensitive_attributes": [],
          "private": "eyJlMmJmYjczMC1lY2FhLTExZTYtOGY4OC0zNDM2M2JjN2M0YzAiOnsiY3JlYXRlIjoyNDAwMDAwMDAwMDAwLCJkZWxldGUiOjI0MDAwMDAwMDAwMDAsInJlYWQiOjI0MDAwMDAwMDAwMDAsInVwZGF0ZSI6MzYwMDAwMDAwMDAwMH0sInNjaGVtYV92ZXJzaW9uIjoiMiJ9",
          "dependencies": [
            "module.gke_primary.data.google_project.project"
          ]
        }
      ]
    },
    {
      "module": "module.gke_primary",
      "mode": "managed",
      "type": "google_project_iam_member",
      "name": "cluster_service_account_node_service_account",
      "provider": "provider[\"registry.terraform.io/hashicorp/google\"]",
      "instances": [
        {
          "schema_version": 0,
          "attributes": {
            "condition": [],
            "etag": "BwYYuw0Ov14=",
            "id": "abstract-code-422922-m2/roles/container.defaultNodeServiceAccount/serviceAccount:tfstandardclustergke-sa@abstract-code-422922-m2.iam.gserviceaccount.com",
            "member": "serviceAccount:tfstandardclustergke-sa@abstract-code-422922-m2.iam.gserviceaccount.com",
            "project": "abstract-code-422922-m2",
            "role": "roles/container.defaultNodeServiceAccount"
          },
          "sensitive_attributes": [],
          "private": "bnVsbA==",
          "dependencies": [
            "module.gke_primary.google_service_account.cluster_service_account"
          ]
        }
      ]
    },
    {
      "module": "module.gke_primary",
      "mode": "managed",
      "type": "google_service_account",
      "name": "cluster_service_account",
      "provider": "provider[\"registry.terraform.io/hashicorp/google\"]",
      "instances": [
        {
          "schema_version": 0,
          "attributes": {
            "account_id": "tfstandardclustergke-sa",
            "description": "",
            "disabled": false,
            "display_name": "Terraform-managed service account for cluster tf-standard-cluster",
            "email": "tfstandardclustergke-sa@abstract-code-422922-m2.iam.gserviceaccount.com",
            "id": "projects/abstract-code-422922-m2/serviceAccounts/tfstandardclustergke-sa@abstract-code-422922-m2.iam.gserviceaccount.com",
            "member": "serviceAccount:tfstandardclustergke-sa@abstract-code-422922-m2.iam.gserviceaccount.com",
            "name": "projects/abstract-code-422922-m2/serviceAccounts/tfstandardclustergke-sa@abstract-code-422922-m2.iam.gserviceaccount.com",
            "project": "abstract-code-422922-m2",
            "timeouts": null,
            "unique_id": "101161512223325913770"
          },
          "sensitive_attributes": [],
          "private": "eyJlMmJmYjczMC1lY2FhLTExZTYtOGY4OC0zNDM2M2JjN2M0YzAiOnsiY3JlYXRlIjozMDAwMDAwMDAwMDB9fQ=="
        }
      ]
    }
  ],
  "check_results": null
}
