{
  "version": 4,
  "terraform_version": "1.7.3",
  "serial": 21,
  "lineage": "51650b57-8108-b353-fd1b-d540ad54de72",
  "outputs": {},
  "resources": [
    {
      "mode": "managed",
      "type": "google_project_service",
      "name": "iam_api",
      "provider": "provider[\"registry.terraform.io/hashicorp/google\"]",
      "instances": [
        {
          "schema_version": 0,
          "attributes": {
            "disable_dependent_services": null,
            "disable_on_destroy": false,
            "id": "multicloudstech-417802/compute.googleapis.com",
            "project": "multicloudstech-417802",
            "service": "compute.googleapis.com",
            "timeouts": null
          },
          "sensitive_attributes": [],
          "private": "eyJlMmJmYjczMC1lY2FhLTExZTYtOGY4OC0zNDM2M2JjN2M0YzAiOnsiY3JlYXRlIjoxMjAwMDAwMDAwMDAwLCJkZWxldGUiOjEyMDAwMDAwMDAwMDAsInJlYWQiOjYwMDAwMDAwMDAwMCwidXBkYXRlIjoxMjAwMDAwMDAwMDAwfX0="
        }
      ]
    },
    {
      "module": "module.firewall-rules",
      "mode": "managed",
      "type": "google_compute_firewall",
      "name": "rule",
      "provider": "provider[\"registry.terraform.io/hashicorp/google\"]",
      "instances": [
        {
          "index_key": "0",
          "schema_version": 1,
          "attributes": {
            "allow": [
              {
                "ports": [
                  "22"
                ],
                "protocol": "tcp"
              }
            ],
            "creation_timestamp": "2024-04-10T13:36:07.555-07:00",
            "deny": [],
            "description": "",
            "destination_ranges": [
              "10.0.0.4/32"
            ],
            "direction": "INGRESS",
            "disabled": false,
            "enable_logging": null,
            "id": "projects/multicloudstech-417802/global/firewalls/allow-ingress-to-22-target-vm",
            "log_config": [],
            "name": "allow-ingress-to-22-target-vm",
            "network": "https://www.googleapis.com/compute/v1/projects/multicloudstech-417802/global/networks/default-vpc2",
            "priority": 1000,
            "project": "multicloudstech-417802",
            "self_link": "https://www.googleapis.com/compute/v1/projects/multicloudstech-417802/global/firewalls/allow-ingress-to-22-target-vm",
            "source_ranges": [
              "0.0.0.0/0"
            ],
            "source_service_accounts": null,
            "source_tags": null,
            "target_service_accounts": null,
            "target_tags": null,
            "timeouts": null
          },
          "sensitive_attributes": [],
          "private": "eyJlMmJmYjczMC1lY2FhLTExZTYtOGY4OC0zNDM2M2JjN2M0YzAiOnsiY3JlYXRlIjoxMjAwMDAwMDAwMDAwLCJkZWxldGUiOjEyMDAwMDAwMDAwMDAsInVwZGF0ZSI6MTIwMDAwMDAwMDAwMH0sInNjaGVtYV92ZXJzaW9uIjoiMSJ9",
          "dependencies": [
            "module.linux_vm_centos.google_compute_instance.default",
            "module.linux_vm_centos.google_compute_network.vpc_network",
            "module.linux_vm_centos.google_compute_subnetwork.network-with-private-secondary-ip-ranges",
            "module.linux_vm_centos.google_service_account.default",
            "module.vpc_network.google_compute_network.vpc_network",
            "module.vpc_network.google_compute_subnetwork.network-with-private-secondary-ip-ranges"
          ]
        },
        {
          "index_key": "1",
          "schema_version": 1,
          "attributes": {
            "allow": [
              {
                "ports": [
                  "80"
                ],
                "protocol": "tcp"
              }
            ],
            "creation_timestamp": "2024-04-10T13:36:07.632-07:00",
            "deny": [],
            "description": "",
            "destination_ranges": [
              "10.0.0.4/32"
            ],
            "direction": "INGRESS",
            "disabled": false,
            "enable_logging": null,
            "id": "projects/multicloudstech-417802/global/firewalls/allow-80-target-vm",
            "log_config": [],
            "name": "allow-80-target-vm",
            "network": "https://www.googleapis.com/compute/v1/projects/multicloudstech-417802/global/networks/default-vpc2",
            "priority": 1000,
            "project": "multicloudstech-417802",
            "self_link": "https://www.googleapis.com/compute/v1/projects/multicloudstech-417802/global/firewalls/allow-80-target-vm",
            "source_ranges": [
              "0.0.0.0/0"
            ],
            "source_service_accounts": null,
            "source_tags": null,
            "target_service_accounts": null,
            "target_tags": null,
            "timeouts": null
          },
          "sensitive_attributes": [],
          "private": "eyJlMmJmYjczMC1lY2FhLTExZTYtOGY4OC0zNDM2M2JjN2M0YzAiOnsiY3JlYXRlIjoxMjAwMDAwMDAwMDAwLCJkZWxldGUiOjEyMDAwMDAwMDAwMDAsInVwZGF0ZSI6MTIwMDAwMDAwMDAwMH0sInNjaGVtYV92ZXJzaW9uIjoiMSJ9",
          "dependencies": [
            "module.linux_vm_centos.google_compute_instance.default",
            "module.linux_vm_centos.google_compute_network.vpc_network",
            "module.linux_vm_centos.google_compute_subnetwork.network-with-private-secondary-ip-ranges",
            "module.linux_vm_centos.google_service_account.default",
            "module.vpc_network.google_compute_network.vpc_network",
            "module.vpc_network.google_compute_subnetwork.network-with-private-secondary-ip-ranges"
          ]
        }
      ]
    },
    {
      "module": "module.linux_vm_centos[0]",
      "mode": "managed",
      "type": "google_compute_instance",
      "name": "default",
      "provider": "provider[\"registry.terraform.io/hashicorp/google\"]",
      "instances": [
        {
          "index_key": 0,
          "schema_version": 6,
          "attributes": {
            "advanced_machine_features": [],
            "allow_stopping_for_update": null,
            "attached_disk": [],
            "boot_disk": [
              {
                "auto_delete": true,
                "device_name": "persistent-disk-0",
                "disk_encryption_key_raw": "",
                "disk_encryption_key_sha256": "",
                "initialize_params": [
                  {
                    "image": "https://www.googleapis.com/compute/v1/projects/centos-cloud/global/images/centos-7-v20240312",
                    "labels": {},
                    "resource_manager_tags": null,
                    "size": 20,
                    "type": "pd-standard"
                  }
                ],
                "kms_key_self_link": "",
                "mode": "READ_WRITE",
                "source": "https://www.googleapis.com/compute/v1/projects/multicloudstech-417802/zones/us-east4-a/disks/test-vm-ecu-0"
              }
            ],
            "can_ip_forward": false,
            "confidential_instance_config": [],
            "cpu_platform": "Intel Broadwell",
            "current_status": "RUNNING",
            "deletion_protection": false,
            "description": "",
            "desired_status": null,
            "effective_labels": {},
            "enable_display": false,
            "guest_accelerator": [],
            "hostname": "",
            "id": "projects/multicloudstech-417802/zones/us-east4-a/instances/test-vm-ecu-0",
            "instance_id": "8965718880307332850",
            "label_fingerprint": "42WmSpB8rSM=",
            "labels": null,
            "machine_type": "n1-standard-2",
            "metadata": null,
            "metadata_fingerprint": "Nt9h8XGT_1Q=",
            "metadata_startup_script": null,
            "min_cpu_platform": "",
            "name": "test-vm-ecu-0",
            "network_interface": [
              {
                "access_config": [
                  {
                    "nat_ip": "35.188.226.114",
                    "network_tier": "PREMIUM",
                    "public_ptr_domain_name": ""
                  }
                ],
                "alias_ip_range": [],
                "internal_ipv6_prefix_length": 0,
                "ipv6_access_config": [],
                "ipv6_access_type": "",
                "ipv6_address": "",
                "name": "nic0",
                "network": "https://www.googleapis.com/compute/v1/projects/multicloudstech-417802/global/networks/default-vpc2",
                "network_ip": "10.0.0.4",
                "nic_type": "",
                "queue_count": 0,
                "stack_type": "IPV4_ONLY",
                "subnetwork": "https://www.googleapis.com/compute/v1/projects/multicloudstech-417802/regions/us-east4/subnetworks/default-subnet2-0",
                "subnetwork_project": "multicloudstech-417802"
              }
            ],
            "network_performance_config": [],
            "params": [],
            "project": "multicloudstech-417802",
            "reservation_affinity": [],
            "resource_policies": null,
            "scheduling": [
              {
                "automatic_restart": true,
                "instance_termination_action": "",
                "local_ssd_recovery_timeout": [],
                "min_node_cpus": 0,
                "node_affinities": [],
                "on_host_maintenance": "MIGRATE",
                "preemptible": false,
                "provisioning_model": "STANDARD"
              }
            ],
            "scratch_disk": [
              {
                "interface": "SCSI",
                "size": 375
              }
            ],
            "self_link": "https://www.googleapis.com/compute/v1/projects/multicloudstech-417802/zones/us-east4-a/instances/test-vm-ecu-0",
            "service_account": [],
            "shielded_instance_config": [
              {
                "enable_integrity_monitoring": true,
                "enable_secure_boot": false,
                "enable_vtpm": true
              }
            ],
            "tags": null,
            "tags_fingerprint": "42WmSpB8rSM=",
            "terraform_labels": {},
            "timeouts": null,
            "zone": "us-east4-a"
          },
          "sensitive_attributes": [],
          "private": "eyJlMmJmYjczMC1lY2FhLTExZTYtOGY4OC0zNDM2M2JjN2M0YzAiOnsiY3JlYXRlIjoxMjAwMDAwMDAwMDAwLCJkZWxldGUiOjEyMDAwMDAwMDAwMDAsInVwZGF0ZSI6MTIwMDAwMDAwMDAwMH0sInNjaGVtYV92ZXJzaW9uIjoiNiJ9",
          "dependencies": [
            "module.linux_vm_centos.google_service_account.default",
            "module.vpc_network.google_compute_network.vpc_network",
            "module.vpc_network.google_compute_subnetwork.network-with-private-secondary-ip-ranges"
          ]
        }
      ]
    },
    {
      "module": "module.linux_vm_centos[0]",
      "mode": "managed",
      "type": "google_service_account",
      "name": "default",
      "provider": "provider[\"registry.terraform.io/hashicorp/google\"]",
      "instances": [
        {
          "index_key": 0,
          "schema_version": 0,
          "attributes": {
            "account_id": "test-vm-ecu-0-vm-sa-0",
            "description": "",
            "disabled": false,
            "display_name": "test-vm-ecu-0-My VM Service Account-0",
            "email": "test-vm-ecu-0-vm-sa-0@multicloudstech-417802.iam.gserviceaccount.com",
            "id": "projects/multicloudstech-417802/serviceAccounts/test-vm-ecu-0-vm-sa-0@multicloudstech-417802.iam.gserviceaccount.com",
            "member": "serviceAccount:test-vm-ecu-0-vm-sa-0@multicloudstech-417802.iam.gserviceaccount.com",
            "name": "projects/multicloudstech-417802/serviceAccounts/test-vm-ecu-0-vm-sa-0@multicloudstech-417802.iam.gserviceaccount.com",
            "project": "multicloudstech-417802",
            "timeouts": null,
            "unique_id": "111365831702924413348"
          },
          "sensitive_attributes": [],
          "private": "eyJlMmJmYjczMC1lY2FhLTExZTYtOGY4OC0zNDM2M2JjN2M0YzAiOnsiY3JlYXRlIjozMDAwMDAwMDAwMDB9fQ==",
          "dependencies": [
            "module.vpc_network.google_compute_network.vpc_network",
            "module.vpc_network.google_compute_subnetwork.network-with-private-secondary-ip-ranges"
          ]
        }
      ]
    },
    {
      "module": "module.linux_vm_debian[0]",
      "mode": "managed",
      "type": "google_compute_instance",
      "name": "default",
      "provider": "provider[\"registry.terraform.io/hashicorp/google\"]",
      "instances": [
        {
          "index_key": 0,
          "schema_version": 6,
          "attributes": {
            "advanced_machine_features": [],
            "allow_stopping_for_update": null,
            "attached_disk": [],
            "boot_disk": [
              {
                "auto_delete": true,
                "device_name": "persistent-disk-0",
                "disk_encryption_key_raw": "",
                "disk_encryption_key_sha256": "",
                "initialize_params": [
                  {
                    "image": "https://www.googleapis.com/compute/v1/projects/debian-cloud/global/images/debian-12-bookworm-v20240312",
                    "labels": {},
                    "resource_manager_tags": null,
                    "size": 10,
                    "type": "pd-standard"
                  }
                ],
                "kms_key_self_link": "",
                "mode": "READ_WRITE",
                "source": "https://www.googleapis.com/compute/v1/projects/multicloudstech-417802/zones/us-east4-a/disks/test-vm-bra-0"
              }
            ],
            "can_ip_forward": false,
            "confidential_instance_config": [],
            "cpu_platform": "Intel Broadwell",
            "current_status": "RUNNING",
            "deletion_protection": false,
            "description": "",
            "desired_status": null,
            "effective_labels": {},
            "enable_display": false,
            "guest_accelerator": [],
            "hostname": "",
            "id": "projects/multicloudstech-417802/zones/us-east4-a/instances/test-vm-bra-0",
            "instance_id": "7199511685470308082",
            "label_fingerprint": "42WmSpB8rSM=",
            "labels": null,
            "machine_type": "n1-standard-2",
            "metadata": null,
            "metadata_fingerprint": "Nt9h8XGT_1Q=",
            "metadata_startup_script": null,
            "min_cpu_platform": "",
            "name": "test-vm-bra-0",
            "network_interface": [
              {
                "access_config": [
                  {
                    "nat_ip": "35.221.56.68",
                    "network_tier": "PREMIUM",
                    "public_ptr_domain_name": ""
                  }
                ],
                "alias_ip_range": [],
                "internal_ipv6_prefix_length": 0,
                "ipv6_access_config": [],
                "ipv6_access_type": "",
                "ipv6_address": "",
                "name": "nic0",
                "network": "https://www.googleapis.com/compute/v1/projects/multicloudstech-417802/global/networks/default-vpc2",
                "network_ip": "10.0.0.3",
                "nic_type": "",
                "queue_count": 0,
                "stack_type": "IPV4_ONLY",
                "subnetwork": "https://www.googleapis.com/compute/v1/projects/multicloudstech-417802/regions/us-east4/subnetworks/default-subnet2-0",
                "subnetwork_project": "multicloudstech-417802"
              }
            ],
            "network_performance_config": [],
            "params": [],
            "project": "multicloudstech-417802",
            "reservation_affinity": [],
            "resource_policies": null,
            "scheduling": [
              {
                "automatic_restart": true,
                "instance_termination_action": "",
                "local_ssd_recovery_timeout": [],
                "min_node_cpus": 0,
                "node_affinities": [],
                "on_host_maintenance": "MIGRATE",
                "preemptible": false,
                "provisioning_model": "STANDARD"
              }
            ],
            "scratch_disk": [
              {
                "interface": "SCSI",
                "size": 375
              }
            ],
            "self_link": "https://www.googleapis.com/compute/v1/projects/multicloudstech-417802/zones/us-east4-a/instances/test-vm-bra-0",
            "service_account": [],
            "shielded_instance_config": [
              {
                "enable_integrity_monitoring": true,
                "enable_secure_boot": false,
                "enable_vtpm": true
              }
            ],
            "tags": null,
            "tags_fingerprint": "42WmSpB8rSM=",
            "terraform_labels": {},
            "timeouts": null,
            "zone": "us-east4-a"
          },
          "sensitive_attributes": [],
          "private": "eyJlMmJmYjczMC1lY2FhLTExZTYtOGY4OC0zNDM2M2JjN2M0YzAiOnsiY3JlYXRlIjoxMjAwMDAwMDAwMDAwLCJkZWxldGUiOjEyMDAwMDAwMDAwMDAsInVwZGF0ZSI6MTIwMDAwMDAwMDAwMH0sInNjaGVtYV92ZXJzaW9uIjoiNiJ9",
          "dependencies": [
            "module.linux_vm_debian.google_service_account.default",
            "module.vpc_network.google_compute_network.vpc_network",
            "module.vpc_network.google_compute_subnetwork.network-with-private-secondary-ip-ranges"
          ]
        }
      ]
    },
    {
      "module": "module.linux_vm_debian[0]",
      "mode": "managed",
      "type": "google_service_account",
      "name": "default",
      "provider": "provider[\"registry.terraform.io/hashicorp/google\"]",
      "instances": [
        {
          "index_key": 0,
          "schema_version": 0,
          "attributes": {
            "account_id": "test-vm-bra-0-vm-sa-0",
            "description": "",
            "disabled": false,
            "display_name": "test-vm-bra-0-My VM Service Account-0",
            "email": "test-vm-bra-0-vm-sa-0@multicloudstech-417802.iam.gserviceaccount.com",
            "id": "projects/multicloudstech-417802/serviceAccounts/test-vm-bra-0-vm-sa-0@multicloudstech-417802.iam.gserviceaccount.com",
            "member": "serviceAccount:test-vm-bra-0-vm-sa-0@multicloudstech-417802.iam.gserviceaccount.com",
            "name": "projects/multicloudstech-417802/serviceAccounts/test-vm-bra-0-vm-sa-0@multicloudstech-417802.iam.gserviceaccount.com",
            "project": "multicloudstech-417802",
            "timeouts": null,
            "unique_id": "106575767602151608140"
          },
          "sensitive_attributes": [],
          "private": "eyJlMmJmYjczMC1lY2FhLTExZTYtOGY4OC0zNDM2M2JjN2M0YzAiOnsiY3JlYXRlIjozMDAwMDAwMDAwMDB9fQ==",
          "dependencies": [
            "module.vpc_network.google_compute_network.vpc_network",
            "module.vpc_network.google_compute_subnetwork.network-with-private-secondary-ip-ranges"
          ]
        }
      ]
    },
    {
      "module": "module.linux_vm_redhat[0]",
      "mode": "managed",
      "type": "google_compute_instance",
      "name": "default",
      "provider": "provider[\"registry.terraform.io/hashicorp/google\"]",
      "instances": [
        {
          "index_key": 0,
          "schema_version": 6,
          "attributes": {
            "advanced_machine_features": [],
            "allow_stopping_for_update": null,
            "attached_disk": [],
            "boot_disk": [
              {
                "auto_delete": true,
                "device_name": "persistent-disk-0",
                "disk_encryption_key_raw": "",
                "disk_encryption_key_sha256": "",
                "initialize_params": [
                  {
                    "image": "https://www.googleapis.com/compute/v1/projects/rhel-cloud/global/images/rhel-8-v20240312",
                    "labels": {},
                    "resource_manager_tags": null,
                    "size": 20,
                    "type": "pd-standard"
                  }
                ],
                "kms_key_self_link": "",
                "mode": "READ_WRITE",
                "source": "https://www.googleapis.com/compute/v1/projects/multicloudstech-417802/zones/us-east4-a/disks/test-vm-bel-0"
              }
            ],
            "can_ip_forward": false,
            "confidential_instance_config": [],
            "cpu_platform": "Intel Broadwell",
            "current_status": "RUNNING",
            "deletion_protection": false,
            "description": "",
            "desired_status": null,
            "effective_labels": {},
            "enable_display": false,
            "guest_accelerator": [],
            "hostname": "",
            "id": "projects/multicloudstech-417802/zones/us-east4-a/instances/test-vm-bel-0",
            "instance_id": "5667524209928783603",
            "label_fingerprint": "42WmSpB8rSM=",
            "labels": null,
            "machine_type": "n1-standard-2",
            "metadata": null,
            "metadata_fingerprint": "Nt9h8XGT_1Q=",
            "metadata_startup_script": null,
            "min_cpu_platform": "",
            "name": "test-vm-bel-0",
            "network_interface": [
              {
                "access_config": [
                  {
                    "nat_ip": "34.48.103.142",
                    "network_tier": "PREMIUM",
                    "public_ptr_domain_name": ""
                  }
                ],
                "alias_ip_range": [],
                "internal_ipv6_prefix_length": 0,
                "ipv6_access_config": [],
                "ipv6_access_type": "",
                "ipv6_address": "",
                "name": "nic0",
                "network": "https://www.googleapis.com/compute/v1/projects/multicloudstech-417802/global/networks/default-vpc2",
                "network_ip": "10.0.0.2",
                "nic_type": "",
                "queue_count": 0,
                "stack_type": "IPV4_ONLY",
                "subnetwork": "https://www.googleapis.com/compute/v1/projects/multicloudstech-417802/regions/us-east4/subnetworks/default-subnet2-0",
                "subnetwork_project": "multicloudstech-417802"
              }
            ],
            "network_performance_config": [],
            "params": [],
            "project": "multicloudstech-417802",
            "reservation_affinity": [],
            "resource_policies": null,
            "scheduling": [
              {
                "automatic_restart": true,
                "instance_termination_action": "",
                "local_ssd_recovery_timeout": [],
                "min_node_cpus": 0,
                "node_affinities": [],
                "on_host_maintenance": "MIGRATE",
                "preemptible": false,
                "provisioning_model": "STANDARD"
              }
            ],
            "scratch_disk": [
              {
                "interface": "SCSI",
                "size": 375
              }
            ],
            "self_link": "https://www.googleapis.com/compute/v1/projects/multicloudstech-417802/zones/us-east4-a/instances/test-vm-bel-0",
            "service_account": [],
            "shielded_instance_config": [
              {
                "enable_integrity_monitoring": true,
                "enable_secure_boot": false,
                "enable_vtpm": true
              }
            ],
            "tags": null,
            "tags_fingerprint": "42WmSpB8rSM=",
            "terraform_labels": {},
            "timeouts": null,
            "zone": "us-east4-a"
          },
          "sensitive_attributes": [],
          "private": "eyJlMmJmYjczMC1lY2FhLTExZTYtOGY4OC0zNDM2M2JjN2M0YzAiOnsiY3JlYXRlIjoxMjAwMDAwMDAwMDAwLCJkZWxldGUiOjEyMDAwMDAwMDAwMDAsInVwZGF0ZSI6MTIwMDAwMDAwMDAwMH0sInNjaGVtYV92ZXJzaW9uIjoiNiJ9",
          "dependencies": [
            "module.linux_vm_redhat.google_service_account.default",
            "module.vpc_network.google_compute_network.vpc_network",
            "module.vpc_network.google_compute_subnetwork.network-with-private-secondary-ip-ranges"
          ]
        }
      ]
    },
    {
      "module": "module.linux_vm_redhat[0]",
      "mode": "managed",
      "type": "google_service_account",
      "name": "default",
      "provider": "provider[\"registry.terraform.io/hashicorp/google\"]",
      "instances": [
        {
          "index_key": 0,
          "schema_version": 0,
          "attributes": {
            "account_id": "test-vm-bel-0-vm-sa-0",
            "description": "",
            "disabled": false,
            "display_name": "test-vm-bel-0-My VM Service Account-0",
            "email": "test-vm-bel-0-vm-sa-0@multicloudstech-417802.iam.gserviceaccount.com",
            "id": "projects/multicloudstech-417802/serviceAccounts/test-vm-bel-0-vm-sa-0@multicloudstech-417802.iam.gserviceaccount.com",
            "member": "serviceAccount:test-vm-bel-0-vm-sa-0@multicloudstech-417802.iam.gserviceaccount.com",
            "name": "projects/multicloudstech-417802/serviceAccounts/test-vm-bel-0-vm-sa-0@multicloudstech-417802.iam.gserviceaccount.com",
            "project": "multicloudstech-417802",
            "timeouts": null,
            "unique_id": "115393300418887235186"
          },
          "sensitive_attributes": [],
          "private": "eyJlMmJmYjczMC1lY2FhLTExZTYtOGY4OC0zNDM2M2JjN2M0YzAiOnsiY3JlYXRlIjozMDAwMDAwMDAwMDB9fQ==",
          "dependencies": [
            "module.vpc_network.google_compute_network.vpc_network",
            "module.vpc_network.google_compute_subnetwork.network-with-private-secondary-ip-ranges"
          ]
        }
      ]
    },
    {
      "module": "module.vpc_network",
      "mode": "managed",
      "type": "google_compute_network",
      "name": "vpc_network",
      "provider": "provider[\"registry.terraform.io/hashicorp/google\"]",
      "instances": [
        {
          "schema_version": 0,
          "attributes": {
            "auto_create_subnetworks": false,
            "delete_default_routes_on_create": false,
            "description": "",
            "enable_ula_internal_ipv6": false,
            "gateway_ipv4": "",
            "id": "projects/multicloudstech-417802/global/networks/default-vpc2",
            "internal_ipv6_range": "",
            "mtu": 0,
            "name": "default-vpc2",
            "network_firewall_policy_enforcement_order": "AFTER_CLASSIC_FIREWALL",
            "project": "multicloudstech-417802",
            "routing_mode": "REGIONAL",
            "self_link": "https://www.googleapis.com/compute/v1/projects/multicloudstech-417802/global/networks/default-vpc2",
            "timeouts": null
          },
          "sensitive_attributes": [],
          "private": "eyJlMmJmYjczMC1lY2FhLTExZTYtOGY4OC0zNDM2M2JjN2M0YzAiOnsiY3JlYXRlIjoxMjAwMDAwMDAwMDAwLCJkZWxldGUiOjEyMDAwMDAwMDAwMDAsInVwZGF0ZSI6MTIwMDAwMDAwMDAwMH19"
        }
      ]
    },
    {
      "module": "module.vpc_network",
      "mode": "managed",
      "type": "google_compute_subnetwork",
      "name": "network-with-private-secondary-ip-ranges",
      "provider": "provider[\"registry.terraform.io/hashicorp/google\"]",
      "instances": [
        {
          "index_key": 0,
          "schema_version": 0,
          "attributes": {
            "creation_timestamp": "2024-04-10T13:35:23.929-07:00",
            "description": "Default subnet in VPC",
            "external_ipv6_prefix": "",
            "fingerprint": null,
            "gateway_address": "10.0.0.1",
            "id": "projects/multicloudstech-417802/regions/us-east4/subnetworks/default-subnet2-0",
            "internal_ipv6_prefix": "",
            "ip_cidr_range": "10.0.0.0/24",
            "ipv6_access_type": "",
            "ipv6_cidr_range": "",
            "log_config": [],
            "name": "default-subnet2-0",
            "network": "https://www.googleapis.com/compute/v1/projects/multicloudstech-417802/global/networks/default-vpc2",
            "private_ip_google_access": false,
            "private_ipv6_google_access": "DISABLE_GOOGLE_ACCESS",
            "project": "multicloudstech-417802",
            "purpose": "PRIVATE",
            "region": "us-east4",
            "role": "",
            "secondary_ip_range": [],
            "self_link": "https://www.googleapis.com/compute/v1/projects/multicloudstech-417802/regions/us-east4/subnetworks/default-subnet2-0",
            "stack_type": "IPV4_ONLY",
            "timeouts": null
          },
          "sensitive_attributes": [],
          "private": "eyJlMmJmYjczMC1lY2FhLTExZTYtOGY4OC0zNDM2M2JjN2M0YzAiOnsiY3JlYXRlIjoxMjAwMDAwMDAwMDAwLCJkZWxldGUiOjEyMDAwMDAwMDAwMDAsInVwZGF0ZSI6MTIwMDAwMDAwMDAwMH19",
          "dependencies": [
            "module.vpc_network.google_compute_network.vpc_network"
          ]
        }
      ]
    }
  ],
  "check_results": null
}
